{
    "hash": "bfd95f271eb2267e552e460c402bfe83",
    "packages": [
        {
            "package": "doctrine/common",
            "version": "2.1.x-dev",
            "source-reference": "41794945e795e108060eddb3342c9e13524b9b3e",
            "commit-date": "1331851788"
        },
        {
            "package": "doctrine/dbal",
            "version": "2.1.x-dev",
            "source-reference": "76799960a54af583e82bedcf246e8c9c18006e94",
            "commit-date": "1338146238"
        },
        {
            "package": "doctrine/orm",
            "version": "2.1.x-dev",
            "source-reference": "ab851ab91464596b8b3f2d25644764e360d704b7",
            "commit-date": "1341323303"
        },
        {
            "package": "kriswallsmith/assetic",
            "version": "1.0.x-dev",
            "source-reference": "ed9bf0fcc710e26051ac656b4d6b1a53381da160",
            "commit-date": "1340139242"
        },
        {
            "package": "lyra/admin-bundle",
            "version": "2.0.x-dev",
            "source-reference": "381f8e77f4c5661f81d329baeece039badf548c1",
            "commit-date": "1341480248"
        },
        {
            "package": "mgiagnoni/blog-bundle",
            "version": "2.0.x-dev",
            "source-reference": "7593e9f2cbf7cb50c487d3c5b01f67e30d687bfa",
            "commit-date": "1341184943"
        },
        {
            "package": "mgiagnoni/classifieds-bundle",
            "version": "2.0.x-dev",
            "source-reference": "455e3ac800cb03b64291b9a060ba1717742547ca",
            "commit-date": "1341529499"
        },
        {
            "package": "monolog/monolog",
            "version": "1.1.0"
        },
        {
            "package": "sensio/distribution-bundle",
            "version": "2.0.x-dev",
            "source-reference": "41a6c5caed65f02bb09c95a90579f047616471fd",
            "commit-date": "1337272950"
        },
        {
            "package": "sensio/generator-bundle",
            "version": "2.0.x-dev",
            "source-reference": "c0118ce370f8da20e43051f2dd1ae331a202ab9c",
            "commit-date": "1339741720"
        },
        {
            "package": "swiftmailer/swiftmailer",
            "version": "v4.1.8"
        },
        {
            "package": "symfony/assetic-bundle",
            "version": "2.0.x-dev",
            "source-reference": "fbcbaf46df2aa143759319de205e1babcf7dd87d",
            "commit-date": "1339681364"
        },
        {
            "package": "symfony/symfony",
            "version": "2.0.x-dev",
            "source-reference": "c1fea1d8c8cf684c31c10847fcdc7557402fd992",
            "commit-date": "1341138901"
        },
        {
            "package": "twig/extensions",
            "version": "dev-master",
            "source-reference": "feb6d3f10c411e2631997c0a905aa581c80305c1",
            "commit-date": "1337599699"
        },
        {
            "package": "twig/twig",
            "version": "dev-master",
            "alias-pretty-version": "1.9.x-dev",
            "alias-version": "1.9.9999999.9999999-dev"
        },
        {
            "package": "twig/twig",
            "version": "dev-master",
            "source-reference": "26eb0a2653eade50dffdd31b11ca454232dea8cf",
            "commit-date": "1341423205"
        }
    ],
    "packages-dev": null,
    "aliases": [

    ],
    "minimum-stability": "dev",
    "stability-flags": {
        "twig/extensions": 20
    }
}
